{
  "name": "purescript-babylon",
  "version": "0.5.0",
  "lockfileVersion": 2,
  "requires": true,
  "packages": {
    "": {
      "version": "0.5.0",
      "license": "MIT",
      "dependencies": {
        "babylonjs": "^4.1.0"
      }
    },
    "node_modules/babylonjs": {
      "version": "4.1.0",
      "resolved": "https://registry.npmjs.org/babylonjs/-/babylonjs-4.1.0.tgz",
      "integrity": "sha512-MnaH1BQIL+PYgqGaAvGVdP8yd7nM1j6sbQi/K/6+RlkHPxIETW2NbjqxiW7Sywgy7r3PwqWT/gxG4Bz95Z6/yA==",
      "engines": {
        "node": "*"
      }
    }
  },
  "dependencies": {
    "babylonjs": {
      "version": "4.1.0",
      "resolved": "https://registry.npmjs.org/babylonjs/-/babylonjs-4.1.0.tgz",
      "integrity": "sha512-MnaH1BQIL+PYgqGaAvGVdP8yd7nM1j6sbQi/K/6+RlkHPxIETW2NbjqxiW7Sywgy7r3PwqWT/gxG4Bz95Z6/yA=="
    }
  }
}
